// !$*UTF8*$!
{
	archiveVersion = 1;
	classes = {
	};
	objectVersion = 50;
	objects = {

/* Begin PBXBuildFile section */
		4E51A0D124B1E8CA0024DE47 /* PhotoDrawingViewController.swift in Sources */ = {isa = PBXBuildFile; fileRef = 4E51A0D024B1E8CA0024DE47 /* PhotoDrawingViewController.swift */; };
		4EBFA18624B1E263004580D4 /* HomeViewController.swift in Sources */ = {isa = PBXBuildFile; fileRef = 4EBFA18524B1E263004580D4 /* HomeViewController.swift */; };
		4EF061E124AD1124007B2509 /* AppDelegate.swift in Sources */ = {isa = PBXBuildFile; fileRef = 4EF061E024AD1124007B2509 /* AppDelegate.swift */; };
		4EF061E324AD1124007B2509 /* SceneDelegate.swift in Sources */ = {isa = PBXBuildFile; fileRef = 4EF061E224AD1124007B2509 /* SceneDelegate.swift */; };
		4EF061E524AD1124007B2509 /* ViewController.swift in Sources */ = {isa = PBXBuildFile; fileRef = 4EF061E424AD1124007B2509 /* ViewController.swift */; };
		4EF061E824AD1124007B2509 /* Main.storyboard in Resources */ = {isa = PBXBuildFile; fileRef = 4EF061E624AD1124007B2509 /* Main.storyboard */; };
		4EF061EA24AD1128007B2509 /* Assets.xcassets in Resources */ = {isa = PBXBuildFile; fileRef = 4EF061E924AD1128007B2509 /* Assets.xcassets */; };
		4EF061ED24AD1128007B2509 /* LaunchScreen.storyboard in Resources */ = {isa = PBXBuildFile; fileRef = 4EF061EB24AD1128007B2509 /* LaunchScreen.storyboard */; };
		4EF061F624AD2207007B2509 /* Canvas.swift in Sources */ = {isa = PBXBuildFile; fileRef = 4EF061F524AD2207007B2509 /* Canvas.swift */; };
		4EF061F924AE0847007B2509 /* Line.swift in Sources */ = {isa = PBXBuildFile; fileRef = 4EF061F824AE0847007B2509 /* Line.swift */; };
		4EF061FD24AE1EBD007B2509 /* ImageViewController.swift in Sources */ = {isa = PBXBuildFile; fileRef = 4EF061FC24AE1EBD007B2509 /* ImageViewController.swift */; };
		4EF061FF24AE1FD0007B2509 /* takeScreenshot.swift in Sources */ = {isa = PBXBuildFile; fileRef = 4EF061FE24AE1FD0007B2509 /* takeScreenshot.swift */; };
/* End PBXBuildFile section */

/* Begin PBXFileReference section */
		4E51A0D024B1E8CA0024DE47 /* PhotoDrawingViewController.swift */ = {isa = PBXFileReference; lastKnownFileType = sourcecode.swift; path = PhotoDrawingViewController.swift; sourceTree = "<group>"; };
		4EBFA18524B1E263004580D4 /* HomeViewController.swift */ = {isa = PBXFileReference; lastKnownFileType = sourcecode.swift; path = HomeViewController.swift; sourceTree = "<group>"; };
		4EF061DD24AD1124007B2509 /* MyDrawing.app */ = {isa = PBXFileReference; explicitFileType = wrapper.application; includeInIndex = 0; path = MyDrawing.app; sourceTree = BUILT_PRODUCTS_DIR; };
		4EF061E024AD1124007B2509 /* AppDelegate.swift */ = {isa = PBXFileReference; lastKnownFileType = sourcecode.swift; path = AppDelegate.swift; sourceTree = "<group>"; };
		4EF061E224AD1124007B2509 /* SceneDelegate.swift */ = {isa = PBXFileReference; lastKnownFileType = sourcecode.swift; path = SceneDelegate.swift; sourceTree = "<group>"; };
		4EF061E424AD1124007B2509 /* ViewController.swift */ = {isa = PBXFileReference; lastKnownFileType = sourcecode.swift; path = ViewController.swift; sourceTree = "<group>"; };
		4EF061E724AD1124007B2509 /* Base */ = {isa = PBXFileReference; lastKnownFileType = file.storyboard; name = Base; path = Base.lproj/Main.storyboard; sourceTree = "<group>"; };
		4EF061E924AD1128007B2509 /* Assets.xcassets */ = {isa = PBXFileReference; lastKnownFileType = folder.assetcatalog; path = Assets.xcassets; sourceTree = "<group>"; };
		4EF061EC24AD1128007B2509 /* Base */ = {isa = PBXFileReference; lastKnownFileType = file.storyboard; name = Base; path = Base.lproj/LaunchScreen.storyboard; sourceTree = "<group>"; };
		4EF061EE24AD1128007B2509 /* Info.plist */ = {isa = PBXFileReference; lastKnownFileType = text.plist.xml; path = Info.plist; sourceTree = "<group>"; };
		4EF061F524AD2207007B2509 /* Canvas.swift */ = {isa = PBXFileReference; lastKnownFileType = sourcecode.swift; path = Canvas.swift; sourceTree = "<group>"; };
		4EF061F824AE0847007B2509 /* Line.swift */ = {isa = PBXFileReference; lastKnownFileType = sourcecode.swift; path = Line.swift; sourceTree = "<group>"; };
		4EF061FC24AE1EBD007B2509 /* ImageViewController.swift */ = {isa = PBXFileReference; lastKnownFileType = sourcecode.swift; path = ImageViewController.swift; sourceTree = "<group>"; };
		4EF061FE24AE1FD0007B2509 /* takeScreenshot.swift */ = {isa = PBXFileReference; lastKnownFileType = sourcecode.swift; path = takeScreenshot.swift; sourceTree = "<group>"; };
/* End PBXFileReference section */

/* Begin PBXFrameworksBuildPhase section */
		4EF061DA24AD1124007B2509 /* Frameworks */ = {
			isa = PBXFrameworksBuildPhase;
			buildActionMask = 2147483647;
			files = (
			);
			runOnlyForDeploymentPostprocessing = 0;
		};
/* End PBXFrameworksBuildPhase section */

/* Begin PBXGroup section */
		4E5128FE24CA1DDD000C5F60 /* Extensions */ = {
			isa = PBXGroup;
			children = (
				4EF061FE24AE1FD0007B2509 /* takeScreenshot.swift */,
			);
			path = Extensions;
			sourceTree = "<group>";
		};
		4EBFA18424B1E245004580D4 /* ViewControllers */ = {
			isa = PBXGroup;
			children = (
				4EF061E424AD1124007B2509 /* ViewController.swift */,
				4EBFA18524B1E263004580D4 /* HomeViewController.swift */,
				4EF061FC24AE1EBD007B2509 /* ImageViewController.swift */,
				4E51A0D024B1E8CA0024DE47 /* PhotoDrawingViewController.swift */,
			);
			path = ViewControllers;
			sourceTree = "<group>";
		};
		4EF061D424AD1124007B2509 = {
			isa = PBXGroup;
			children = (
				4EF061DF24AD1124007B2509 /* MyDrawing */,
				4EF061DE24AD1124007B2509 /* Products */,
			);
			sourceTree = "<group>";
		};
		4EF061DE24AD1124007B2509 /* Products */ = {
			isa = PBXGroup;
			children = (
				4EF061DD24AD1124007B2509 /* MyDrawing.app */,
			);
			name = Products;
			sourceTree = "<group>";
		};
		4EF061DF24AD1124007B2509 /* MyDrawing */ = {
			isa = PBXGroup;
			children = (
				4EBFA18424B1E245004580D4 /* ViewControllers */,
				4EF061F724AE0825007B2509 /* Models */,
				4EF061F424AD21BE007B2509 /* Views */,
				4EF061E024AD1124007B2509 /* AppDelegate.swift */,
				4EF061E224AD1124007B2509 /* SceneDelegate.swift */,
				4EF061E624AD1124007B2509 /* Main.storyboard */,
				4EF061E924AD1128007B2509 /* Assets.xcassets */,
				4EF061EB24AD1128007B2509 /* LaunchScreen.storyboard */,
				4EF061EE24AD1128007B2509 /* Info.plist */,
			);
			path = MyDrawing;
			sourceTree = "<group>";
		};
		4EF061F424AD21BE007B2509 /* Views */ = {
			isa = PBXGroup;
			children = (
				4EF061F524AD2207007B2509 /* Canvas.swift */,
				4E5128FE24CA1DDD000C5F60 /* Extensions */,
			);
			path = Views;
			sourceTree = "<group>";
		};
		4EF061F724AE0825007B2509 /* Models */ = {
			isa = PBXGroup;
			children = (
				4EF061F824AE0847007B2509 /* Line.swift */,
			);
			path = Models;
			sourceTree = "<group>";
		};
/* End PBXGroup section */

/* Begin PBXNativeTarget section */
		4EF061DC24AD1124007B2509 /* MyDrawing */ = {
			isa = PBXNativeTarget;
			buildConfigurationList = 4EF061F124AD1128007B2509 /* Build configuration list for PBXNativeTarget "MyDrawing" */;
			buildPhases = (
				4EF061D924AD1124007B2509 /* Sources */,
				4EF061DA24AD1124007B2509 /* Frameworks */,
				4EF061DB24AD1124007B2509 /* Resources */,
			);
			buildRules = (
			);
			dependencies = (
			);
			name = MyDrawing;
			productName = MyDrawing;
			productReference = 4EF061DD24AD1124007B2509 /* MyDrawing.app */;
			productType = "com.apple.product-type.application";
		};
/* End PBXNativeTarget section */

/* Begin PBXProject section */
		4EF061D524AD1124007B2509 /* Project object */ = {
			isa = PBXProject;
			attributes = {
				LastSwiftUpdateCheck = 1140;
				LastUpgradeCheck = 1140;
				ORGANIZATIONNAME = "Egemen Çığ";
				TargetAttributes = {
					4EF061DC24AD1124007B2509 = {
						CreatedOnToolsVersion = 11.4.1;
					};
				};
			};
			buildConfigurationList = 4EF061D824AD1124007B2509 /* Build configuration list for PBXProject "MyDrawing" */;
			compatibilityVersion = "Xcode 9.3";
			developmentRegion = en;
			hasScannedForEncodings = 0;
			knownRegions = (
				en,
				Base,
			);
			mainGroup = 4EF061D424AD1124007B2509;
			productRefGroup = 4EF061DE24AD1124007B2509 /* Products */;
			projectDirPath = "";
			projectRoot = "";
			targets = (
				4EF061DC24AD1124007B2509 /* MyDrawing */,
			);
		};
/* End PBXProject section */

/* Begin PBXResourcesBuildPhase section */
		4EF061DB24AD1124007B2509 /* Resources */ = {
			isa = PBXResourcesBuildPhase;
			buildActionMask = 2147483647;
			files = (
				4EF061ED24AD1128007B2509 /* LaunchScreen.storyboard in Resources */,
				4EF061EA24AD1128007B2509 /* Assets.xcassets in Resources */,
				4EF061E824AD1124007B2509 /* Main.storyboard in Resources */,
			);
			runOnlyForDeploymentPostprocessing = 0;
		};
/* End PBXResourcesBuildPhase section */

/* Begin PBXSourcesBuildPhase section */
		4EF061D924AD1124007B2509 /* Sources */ = {
			isa = PBXSourcesBuildPhase;
			buildActionMask = 2147483647;
			files = (
				4EF061FF24AE1FD0007B2509 /* takeScreenshot.swift in Sources */,
				4EF061E524AD1124007B2509 /* ViewController.swift in Sources */,
				4E51A0D124B1E8CA0024DE47 /* PhotoDrawingViewController.swift in Sources */,
				4EF061E124AD1124007B2509 /* AppDelegate.swift in Sources */,
				4EBFA18624B1E263004580D4 /* HomeViewController.swift in Sources */,
				4EF061FD24AE1EBD007B2509 /* ImageViewController.swift in Sources */,
				4EF061E324AD1124007B2509 /* SceneDelegate.swift in Sources */,
				4EF061F624AD2207007B2509 /* Canvas.swift in Sources */,
				4EF061F924AE0847007B2509 /* Line.swift in Sources */,
			);
			runOnlyForDeploymentPostprocessing = 0;
		};
/* End PBXSourcesBuildPhase section */

/* Begin PBXVariantGroup section */
		4EF061E624AD1124007B2509 /* Main.storyboard */ = {
			isa = PBXVariantGroup;
			children = (
				4EF061E724AD1124007B2509 /* Base */,
			);
			name = Main.storyboard;
			sourceTree = "<group>";
		};
		4EF061EB24AD1128007B2509 /* LaunchScreen.storyboard */ = {
			isa = PBXVariantGroup;
			children = (
				4EF061EC24AD1128007B2509 /* Base */,
			);
			name = LaunchScreen.storyboard;
			sourceTree = "<group>";
		};
/* End PBXVariantGroup section */

/* Begin XCBuildConfiguration section */
		4EF061EF24AD1128007B2509 /* Debug */ = {
			isa = XCBuildConfiguration;
			buildSettings = {
				ALWAYS_SEARCH_USER_PATHS = NO;
				CLANG_ANALYZER_NONNULL = YES;
				CLANG_ANALYZER_NUMBER_OBJECT_CONVERSION = YES_AGGRESSIVE;
				CLANG_CXX_LANGUAGE_STANDARD = "gnu++14";
				CLANG_CXX_LIBRARY = "libc++";
				CLANG_ENABLE_MODULES = YES;
				CLANG_ENABLE_OBJC_ARC = YES;
				CLANG_ENABLE_OBJC_WEAK = YES;
				CLANG_WARN_BLOCK_CAPTURE_AUTORELEASING = YES;
				CLANG_WARN_BOOL_CONVERSION = YES;
				CLANG_WARN_COMMA = YES;
				CLANG_WARN_CONSTANT_CONVERSION = YES;
				CLANG_WARN_DEPRECATED_OBJC_IMPLEMENTATIONS = YES;
				CLANG_WARN_DIRECT_OBJC_ISA_USAGE = YES_ERROR;
				CLANG_WARN_DOCUMENTATION_COMMENTS = YES;
				CLANG_WARN_EMPTY_BODY = YES;
				CLANG_WARN_ENUM_CONVERSION = YES;
				CLANG_WARN_INFINITE_RECURSION = YES;
				CLANG_WARN_INT_CONVERSION = YES;
				CLANG_WARN_NON_LITERAL_NULL_CONVERSION = YES;
				CLANG_WARN_OBJC_IMPLICIT_RETAIN_SELF = YES;
				CLANG_WARN_OBJC_LITERAL_CONVERSION = YES;
				CLANG_WARN_OBJC_ROOT_CLASS = YES_ERROR;
				CLANG_WARN_RANGE_LOOP_ANALYSIS = YES;
				CLANG_WARN_STRICT_PROTOTYPES = YES;
				CLANG_WARN_SUSPICIOUS_MOVE = YES;
				CLANG_WARN_UNGUARDED_AVAILABILITY = YES_AGGRESSIVE;
				CLANG_WARN_UNREACHABLE_CODE = YES;
				CLANG_WARN__DUPLICATE_METHOD_MATCH = YES;
				COPY_PHASE_STRIP = NO;
				DEBUG_INFORMATION_FORMAT = dwarf;
				ENABLE_STRICT_OBJC_MSGSEND = YES;
				ENABLE_TESTABILITY = YES;
				GCC_C_LANGUAGE_STANDARD = gnu11;
				GCC_DYNAMIC_NO_PIC = NO;
				GCC_NO_COMMON_BLOCKS = YES;
				GCC_OPTIMIZATION_LEVEL = 0;
				GCC_PREPROCESSOR_DEFINITIONS = (
					"DEBUG=1",
					"$(inherited)",
				);
				GCC_WARN_64_TO_32_BIT_CONVERSION = YES;
				GCC_WARN_ABOUT_RETURN_TYPE = YES_ERROR;
				GCC_WARN_UNDECLARED_SELECTOR = YES;
				GCC_WARN_UNINITIALIZED_AUTOS = YES_AGGRESSIVE;
				GCC_WARN_UNUSED_FUNCTION = YES;
				GCC_WARN_UNUSED_VARIABLE = YES;
				IPHONEOS_DEPLOYMENT_TARGET = 13.4;
				MTL_ENABLE_DEBUG_INFO = INCLUDE_SOURCE;
				MTL_FAST_MATH = YES;
				ONLY_ACTIVE_ARCH = YES;
				SDKROOT = iphoneos;
				SWIFT_ACTIVE_COMPILATION_CONDITIONS = DEBUG;
				SWIFT_OPTIMIZATION_LEVEL = "-Onone";
			};
			name = Debug;
		};
		4EF061F024AD1128007B2509 /* Release */ = {
			isa = XCBuildConfiguration;
			buildSettings = {
				ALWAYS_SEARCH_USER_PATHS = NO;
				CLANG_ANALYZER_NONNULL = YES;
				CLANG_ANALYZER_NUMBER_OBJECT_CONVERSION = YES_AGGRESSIVE;
				CLANG_CXX_LANGUAGE_STANDARD = "gnu++14";
				CLANG_CXX_LIBRARY = "libc++";
				CLANG_ENABLE_MODULES = YES;
				CLANG_ENABLE_OBJC_ARC = YES;
				CLANG_ENABLE_OBJC_WEAK = YES;
				CLANG_WARN_BLOCK_CAPTURE_AUTORELEASING = YES;
				CLANG_WARN_BOOL_CONVERSION = YES;
				CLANG_WARN_COMMA = YES;
				CLANG_WARN_CONSTANT_CONVERSION = YES;
				CLANG_WARN_DEPRECATED_OBJC_IMPLEMENTATIONS = YES;
				CLANG_WARN_DIRECT_OBJC_ISA_USAGE = YES_ERROR;
				CLANG_WARN_DOCUMENTATION_COMMENTS = YES;
				CLANG_WARN_EMPTY_BODY = YES;
				CLANG_WARN_ENUM_CONVERSION = YES;
				CLANG_WARN_INFINITE_RECURSION = YES;
				CLANG_WARN_INT_CONVERSION = YES;
				CLANG_WARN_NON_LITERAL_NULL_CONVERSION = YES;
				CLANG_WARN_OBJC_IMPLICIT_RETAIN_SELF = YES;
				CLANG_WARN_OBJC_LITERAL_CONVERSION = YES;
				CLANG_WARN_OBJC_ROOT_CLASS = YES_ERROR;
				CLANG_WARN_RANGE_LOOP_ANALYSIS = YES;
				CLANG_WARN_STRICT_PROTOTYPES = YES;
				CLANG_WARN_SUSPICIOUS_MOVE = YES;
				CLANG_WARN_UNGUARDED_AVAILABILITY = YES_AGGRESSIVE;
				CLANG_WARN_UNREACHABLE_CODE = YES;
				CLANG_WARN__DUPLICATE_METHOD_MATCH = YES;
				COPY_PHASE_STRIP = NO;
				DEBUG_INFORMATION_FORMAT = "dwarf-with-dsym";
				ENABLE_NS_ASSERTIONS = NO;
				ENABLE_STRICT_OBJC_MSGSEND = YES;
				GCC_C_LANGUAGE_STANDARD = gnu11;
				GCC_NO_COMMON_BLOCKS = YES;
				GCC_WARN_64_TO_32_BIT_CONVERSION = YES;
				GCC_WARN_ABOUT_RETURN_TYPE = YES_ERROR;
				GCC_WARN_UNDECLARED_SELECTOR = YES;
				GCC_WARN_UNINITIALIZED_AUTOS = YES_AGGRESSIVE;
				GCC_WARN_UNUSED_FUNCTION = YES;
				GCC_WARN_UNUSED_VARIABLE = YES;
				IPHONEOS_DEPLOYMENT_TARGET = 13.4;
				MTL_ENABLE_DEBUG_INFO = NO;
				MTL_FAST_MATH = YES;
				SDKROOT = iphoneos;
				SWIFT_COMPILATION_MODE = wholemodule;
				SWIFT_OPTIMIZATION_LEVEL = "-O";
				VALIDATE_PRODUCT = YES;
			};
			name = Release;
		};
		4EF061F224AD1128007B2509 /* Debug */ = {
			isa = XCBuildConfiguration;
			buildSettings = {
				ASSETCATALOG_COMPILER_APPICON_NAME = AppIcon;
				CODE_SIGN_STYLE = Automatic;
				DEVELOPMENT_TEAM = MN52Q9FVNU;
				INFOPLIST_FILE = MyDrawing/Info.plist;
				IPHONEOS_DEPLOYMENT_TARGET = 13.5;
				LD_RUNPATH_SEARCH_PATHS = (
					"$(inherited)",
					"@executable_path/Frameworks",
				);
				PRODUCT_BUNDLE_IDENTIFIER = com.adilcan.MyDrawing;
				PRODUCT_NAME = "$(TARGET_NAME)";
				SWIFT_VERSION = 5.0;
				TARGETED_DEVICE_FAMILY = "1,2";
			};
			name = Debug;
		};
		4EF061F324AD1128007B2509 /* Release */ = {
			isa = XCBuildConfiguration;
			buildSettings = {
				ASSETCATALOG_COMPILER_APPICON_NAME = AppIcon;
				CODE_SIGN_STYLE = Automatic;
				DEVELOPMENT_TEAM = MN52Q9FVNU;
				INFOPLIST_FILE = MyDrawing/Info.plist;
				IPHONEOS_DEPLOYMENT_TARGET = 13.5;
				LD_RUNPATH_SEARCH_PATHS = (
					"$(inherited)",
					"@executable_path/Frameworks",
				);
				PRODUCT_BUNDLE_IDENTIFIER = com.adilcan.MyDrawing;
				PRODUCT_NAME = "$(TARGET_NAME)";
				SWIFT_VERSION = 5.0;
				TARGETED_DEVICE_FAMILY = "1,2";
			};
			name = Release;
		};
/* End XCBuildConfiguration section */

/* Begin XCConfigurationList section */
		4EF061D824AD1124007B2509 /* Build configuration list for PBXProject "MyDrawing" */ = {
			isa = XCConfigurationList;
			buildConfigurations = (
				4EF061EF24AD1128007B2509 /* Debug */,
				4EF061F024AD1128007B2509 /* Release */,
			);
			defaultConfigurationIsVisible = 0;
			defaultConfigurationName = Release;
		};
		4EF061F124AD1128007B2509 /* Build configuration list for PBXNativeTarget "MyDrawing" */ = {
			isa = XCConfigurationList;
			buildConfigurations = (
				4EF061F224AD1128007B2509 /* Debug */,
				4EF061F324AD1128007B2509 /* Release */,
			);
			defaultConfigurationIsVisible = 0;
			defaultConfigurationName = Release;
		};
/* End XCConfigurationList section */
	};
	rootObject = 4EF061D524AD1124007B2509 /* Project object */;
}
